
Microsoft Visual Studio Solution File, Format Version 12.00
# Visual Studio Version 17
VisualStudioVersion = 17.6.33417.168
MinimumVisualStudioVersion = 10.0.40219.1
Project("{FAE04EC0-301F-11D3-BF4B-00C04F79EFBC}") = "RisetReportsRDLC", "RisetReportsRDLC\RisetReportsRDLC.csproj", "{76D1605C-C249-494F-8571-23DE15D8988E}"
EndProject
Global
	GlobalSection(SolutionConfigurationPlatforms) = preSolution
		Debug|Any CPU = Debug|Any CPU
		Release|Any CPU = Release|Any CPU
	EndGlobalSection
	GlobalSection(ProjectConfigurationPlatforms) = postSolution
		{76D1605C-C249-494F-8571-23DE15D8988E}.Debug|Any CPU.ActiveCfg = Debug|Any CPU
		{76D1605C-C249-494F-8571-23DE15D8988E}.Debug|Any CPU.Build.0 = Debug|Any CPU
		{76D1605C-C249-494F-8571-23DE15D8988E}.Release|Any CPU.ActiveCfg = Release|Any CPU
		{76D1605C-C249-494F-8571-23DE15D8988E}.Release|Any CPU.Build.0 = Release|Any CPU
	EndGlobalSection
	GlobalSection(SolutionProperties) = preSolution
		HideSolutionNode = FALSE
	EndGlobalSection
	GlobalSection(ExtensibilityGlobals) = postSolution
		SolutionGuid = {92EE62B9-D2E9-4AC3-8909-1E25BA77978A}
	EndGlobalSection
EndGlobal
